
Microsoft Visual Studio Solution File, Format Version 12.00
# Visual Studio Version 17
VisualStudioVersion = 17.3.32929.385
MinimumVisualStudioVersion = 10.0.40219.1
Project("{FAE04EC0-301F-11D3-BF4B-00C04F79EFBC}") = "Projeto_teste", "Projeto_teste\Projeto_teste.csproj", "{A6062E0E-6D38-4DCA-972C-84F350F85C97}"
EndProject
Project("{FAE04EC0-301F-11D3-BF4B-00C04F79EFBC}") = "TesteMSteste", "TesteMSteste\TesteMSteste.csproj", "{E6AFFD86-1593-403C-BB6B-5B752B223D97}"
EndProject
Project("{FAE04EC0-301F-11D3-BF4B-00C04F79EFBC}") = "TestXUnit", "TestXUnit\TestXUnit.csproj", "{44753925-E4CB-4424-810A-2417AC271158}"
EndProject
Global
	GlobalSection(SolutionConfigurationPlatforms) = preSolution
		Debug|Any CPU = Debug|Any CPU
		Release|Any CPU = Release|Any CPU
	EndGlobalSection
	GlobalSection(ProjectConfigurationPlatforms) = postSolution
		{A6062E0E-6D38-4DCA-972C-84F350F85C97}.Debug|Any CPU.ActiveCfg = Debug|Any CPU
		{A6062E0E-6D38-4DCA-972C-84F350F85C97}.Debug|Any CPU.Build.0 = Debug|Any CPU
		{A6062E0E-6D38-4DCA-972C-84F350F85C97}.Release|Any CPU.ActiveCfg = Release|Any CPU
		{A6062E0E-6D38-4DCA-972C-84F350F85C97}.Release|Any CPU.Build.0 = Release|Any CPU
		{E6AFFD86-1593-403C-BB6B-5B752B223D97}.Debug|Any CPU.ActiveCfg = Debug|Any CPU
		{E6AFFD86-1593-403C-BB6B-5B752B223D97}.Debug|Any CPU.Build.0 = Debug|Any CPU
		{E6AFFD86-1593-403C-BB6B-5B752B223D97}.Release|Any CPU.ActiveCfg = Release|Any CPU
		{E6AFFD86-1593-403C-BB6B-5B752B223D97}.Release|Any CPU.Build.0 = Release|Any CPU
		{44753925-E4CB-4424-810A-2417AC271158}.Debug|Any CPU.ActiveCfg = Debug|Any CPU
		{44753925-E4CB-4424-810A-2417AC271158}.Debug|Any CPU.Build.0 = Debug|Any CPU
		{44753925-E4CB-4424-810A-2417AC271158}.Release|Any CPU.ActiveCfg = Release|Any CPU
		{44753925-E4CB-4424-810A-2417AC271158}.Release|Any CPU.Build.0 = Release|Any CPU
	EndGlobalSection
	GlobalSection(SolutionProperties) = preSolution
		HideSolutionNode = FALSE
	EndGlobalSection
	GlobalSection(ExtensibilityGlobals) = postSolution
		SolutionGuid = {3BE92DFF-4409-4BE3-81DD-49905F09A8E0}
	EndGlobalSection
EndGlobal
